{
  "name": "lmscontroller",
  "version": "3.0.0",
  "lockfileVersion": 3,
  "requires": true,
  "packages": {
    "": {
      "name": "lmscontroller",
      "version": "3.0.0",
      "dependencies": {
        "@rebble/clay": "^1.0.10",
        "jpeg-js": "^0.3.7",
        "pako": "^1.0.11"
      }
    },
    "node_modules/@rebble/clay": {
      "version": "1.0.10",
      "resolved": "https://registry.npmjs.org/@rebble/clay/-/clay-1.0.10.tgz",
      "integrity": "sha512-84EL9J6egrnWk/FzqCxRa9/vqO4fx7SBxdttthLEpBro+FVqUg+rMlqOzT8+zl4PkBQKAWdnqHwlHaS4heiXKg==",
      "license": "MIT"
    },
    "node_modules/jpeg-js": {
      "version": "0.3.7",
      "resolved": "https://registry.npmjs.org/jpeg-js/-/jpeg-js-0.3.7.tgz",
      "integrity": "sha512-9IXdWudL61npZjvLuVe/ktHiA41iE8qFyLB+4VDTblEsWBzeg8WQTlktdUK4CdncUqtUgUg0bbOmTE2bKBKaBQ==",
      "license": "BSD-3-Clause"
    },
    "node_modules/pako": {
      "version": "1.0.11",
      "resolved": "https://registry.npmjs.org/pako/-/pako-1.0.11.tgz",
      "integrity": "sha512-4hLB8Py4zZce5s4yd9XzopqwVv/yGNhV1Bl8NTmCq1763HeK2+EwVTv+leGeL13Dnh2wfbqowVPXCIO0z4taYw==",
      "license": "(MIT AND Zlib)"
    }
  }
}
